
Microsoft Visual Studio Solution File, Format Version 12.00
# Visual Studio Version 17
VisualStudioVersion = 17.0.31903.59
MinimumVisualStudioVersion = 10.0.40219.1
Project("{FAE04EC0-301F-11D3-BF4B-00C04F79EFBC}") = "Summarizer.Api", "Summarizer.Api\Summarizer.Api.csproj", "{BE603E6E-5629-4256-AB6C-5D414BB40006}"
EndProject
Project("{FAE04EC0-301F-11D3-BF4B-00C04F79EFBC}") = "Summarizer.Tests", "Summarizer.Tests\Summarizer.Tests.csproj", "{D3488811-C926-4F75-AB67-55B49C0C94C8}"
EndProject
Global
	GlobalSection(SolutionConfigurationPlatforms) = preSolution
		Debug|Any CPU = Debug|Any CPU
		Release|Any CPU = Release|Any CPU
	EndGlobalSection
	GlobalSection(SolutionProperties) = preSolution
		HideSolutionNode = FALSE
	EndGlobalSection
	GlobalSection(ProjectConfigurationPlatforms) = postSolution
		{BE603E6E-5629-4256-AB6C-5D414BB40006}.Debug|Any CPU.ActiveCfg = Debug|Any CPU
		{BE603E6E-5629-4256-AB6C-5D414BB40006}.Debug|Any CPU.Build.0 = Debug|Any CPU
		{BE603E6E-5629-4256-AB6C-5D414BB40006}.Release|Any CPU.ActiveCfg = Release|Any CPU
		{BE603E6E-5629-4256-AB6C-5D414BB40006}.Release|Any CPU.Build.0 = Release|Any CPU
		{D3488811-C926-4F75-AB67-55B49C0C94C8}.Debug|Any CPU.ActiveCfg = Debug|Any CPU
		{D3488811-C926-4F75-AB67-55B49C0C94C8}.Debug|Any CPU.Build.0 = Debug|Any CPU
		{D3488811-C926-4F75-AB67-55B49C0C94C8}.Release|Any CPU.ActiveCfg = Release|Any CPU
		{D3488811-C926-4F75-AB67-55B49C0C94C8}.Release|Any CPU.Build.0 = Release|Any CPU
	EndGlobalSection
EndGlobal
